
Microsoft Visual Studio Solution File, Format Version 12.00
# Visual Studio Version 17
VisualStudioVersion = 17.13.35931.197
MinimumVisualStudioVersion = 10.0.40219.1
Project("{FAE04EC0-301F-11D3-BF4B-00C04F79EFBC}") = "ws-asr-service", "ws-asr-service.csproj", "{9067FC6C-1095-0206-849B-ECC9C7295556}"
EndProject
Project("{FAE04EC0-301F-11D3-BF4B-00C04F79EFBC}") = "PinFun.Avalonia.Desktop", "..\..\..\..\gitee\pin-fun\测试\PinFun.Avalonia.Desktop\PinFun.Avalonia.Desktop.csproj", "{913095C3-68AC-C2E8-6945-DD86D39E39CD}"
EndProject
Global
	GlobalSection(SolutionConfigurationPlatforms) = preSolution
		Debug|Any CPU = Debug|Any CPU
		Release|Any CPU = Release|Any CPU
	EndGlobalSection
	GlobalSection(ProjectConfigurationPlatforms) = postSolution
		{9067FC6C-1095-0206-849B-ECC9C7295556}.Debug|Any CPU.ActiveCfg = Debug|Any CPU
		{9067FC6C-1095-0206-849B-ECC9C7295556}.Debug|Any CPU.Build.0 = Debug|Any CPU
		{9067FC6C-1095-0206-849B-ECC9C7295556}.Release|Any CPU.ActiveCfg = Release|Any CPU
		{9067FC6C-1095-0206-849B-ECC9C7295556}.Release|Any CPU.Build.0 = Release|Any CPU
		{913095C3-68AC-C2E8-6945-DD86D39E39CD}.Debug|Any CPU.ActiveCfg = Debug|Any CPU
		{913095C3-68AC-C2E8-6945-DD86D39E39CD}.Debug|Any CPU.Build.0 = Debug|Any CPU
		{913095C3-68AC-C2E8-6945-DD86D39E39CD}.Release|Any CPU.ActiveCfg = Release|Any CPU
		{913095C3-68AC-C2E8-6945-DD86D39E39CD}.Release|Any CPU.Build.0 = Release|Any CPU
	EndGlobalSection
	GlobalSection(SolutionProperties) = preSolution
		HideSolutionNode = FALSE
	EndGlobalSection
	GlobalSection(ExtensibilityGlobals) = postSolution
		SolutionGuid = {39B1B98B-9D44-4D82-A2C6-CA9112F6F846}
	EndGlobalSection
EndGlobal
